Microsoft Visual Studio Solution File, Format Version 14.00
# Visual Studio 2015
Project("{8BC9CEB8-8B4A-11D0-8D11-00A0C91BC942}") = "Tetris", "Tetris\Tetris.vcxproj", "{E43A561C-FCD0-4A16-B367-3BAA844A1F9B}"
EndProject
Project("{8BC9CEB8-8B4A-11D0-8D11-00A0C91BC942}") = "ThemeEditor", "ThemeEditor\ThemeEditor.vcxproj", "{26508F05-E514-4E0F-BB4B-F9A701517F83}"
EndProject
Project("{8BC9CEB8-8B4A-11D0-8D11-00A0C91BC942}") = "ThemeLauncher", "ThemeLauncher\ThemeLauncher.vcxproj", "{F9D3BB0E-BEE8-4DFD-B743-E8AE4F2C0B6B}"
EndProject
Project("{8BC9CEB8-8B4A-11D0-8D11-00A0C91BC942}") = "GSGameLib", "GSGameLib\GSGameLib.vcxproj", "{24F79E4D-9CEA-49B2-AC55-381F3700CCA8}"
EndProject
Global
	GlobalSection(SolutionConfigurationPlatforms) = preSolution
		Debug|Win32 = Debug|Win32
		Release|Win32 = Release|Win32
	EndGlobalSection
	GlobalSection(ProjectConfigurationPlatforms) = postSolution
		{E43A561C-FCD0-4A16-B367-3BAA844A1F9B}.Debug|Win32.ActiveCfg = Debug|Win32
		{E43A561C-FCD0-4A16-B367-3BAA844A1F9B}.Debug|Win32.Build.0 = Debug|Win32
		{E43A561C-FCD0-4A16-B367-3BAA844A1F9B}.Release|Win32.ActiveCfg = Release|Win32
		{E43A561C-FCD0-4A16-B367-3BAA844A1F9B}.Release|Win32.Build.0 = Release|Win32
		{26508F05-E514-4E0F-BB4B-F9A701517F83}.Debug|Win32.ActiveCfg = Debug|Win32
		{26508F05-E514-4E0F-BB4B-F9A701517F83}.Debug|Win32.Build.0 = Debug|Win32
		{26508F05-E514-4E0F-BB4B-F9A701517F83}.Release|Win32.ActiveCfg = Release|Win32
		{26508F05-E514-4E0F-BB4B-F9A701517F83}.Release|Win32.Build.0 = Release|Win32
		{F9D3BB0E-BEE8-4DFD-B743-E8AE4F2C0B6B}.Debug|Win32.ActiveCfg = Debug|Win32
		{F9D3BB0E-BEE8-4DFD-B743-E8AE4F2C0B6B}.Debug|Win32.Build.0 = Debug|Win32
		{F9D3BB0E-BEE8-4DFD-B743-E8AE4F2C0B6B}.Release|Win32.ActiveCfg = Release|Win32
		{F9D3BB0E-BEE8-4DFD-B743-E8AE4F2C0B6B}.Release|Win32.Build.0 = Release|Win32
		{24F79E4D-9CEA-49B2-AC55-381F3700CCA8}.Debug|Win32.ActiveCfg = Debug|Win32
		{24F79E4D-9CEA-49B2-AC55-381F3700CCA8}.Debug|Win32.Build.0 = Debug|Win32
		{24F79E4D-9CEA-49B2-AC55-381F3700CCA8}.Release|Win32.ActiveCfg = Release|Win32
		{24F79E4D-9CEA-49B2-AC55-381F3700CCA8}.Release|Win32.Build.0 = Release|Win32
	EndGlobalSection
	GlobalSection(SolutionProperties) = preSolution
		HideSolutionNode = FALSE
	EndGlobalSection
EndGlobal
